
Microsoft Visual Studio Solution File, Format Version 12.00
# Visual Studio Version 17
VisualStudioVersion = 17.2.32630.192
MinimumVisualStudioVersion = 10.0.40219.1
Project("{FAE04EC0-301F-11D3-BF4B-00C04F79EFBC}") = "OperadoresMatematicos", "OperadoresMatematicos\OperadoresMatematicos.csproj", "{9AB7A315-153D-4C55-BDAE-55F3E2DBE91D}"
EndProject
Global
	GlobalSection(SolutionConfigurationPlatforms) = preSolution
		Debug|Any CPU = Debug|Any CPU
		Release|Any CPU = Release|Any CPU
	EndGlobalSection
	GlobalSection(ProjectConfigurationPlatforms) = postSolution
		{9AB7A315-153D-4C55-BDAE-55F3E2DBE91D}.Debug|Any CPU.ActiveCfg = Debug|Any CPU
		{9AB7A315-153D-4C55-BDAE-55F3E2DBE91D}.Debug|Any CPU.Build.0 = Debug|Any CPU
		{9AB7A315-153D-4C55-BDAE-55F3E2DBE91D}.Release|Any CPU.ActiveCfg = Release|Any CPU
		{9AB7A315-153D-4C55-BDAE-55F3E2DBE91D}.Release|Any CPU.Build.0 = Release|Any CPU
	EndGlobalSection
	GlobalSection(SolutionProperties) = preSolution
		HideSolutionNode = FALSE
	EndGlobalSection
	GlobalSection(ExtensibilityGlobals) = postSolution
		SolutionGuid = {421D958D-AD63-4684-BCFB-665B23D15349}
	EndGlobalSection
EndGlobal
