
Microsoft Visual Studio Solution File, Format Version 12.00
# Visual Studio Version 17
VisualStudioVersion = 17.2.32630.192
MinimumVisualStudioVersion = 10.0.40219.1
Project("{FAE04EC0-301F-11D3-BF4B-00C04F79EFBC}") = "PrimeiroAppConsole", "PrimeiroAppConsole\PrimeiroAppConsole.csproj", "{0140F56C-6A9F-481E-BC6D-428846D76CDD}"
EndProject
Global
	GlobalSection(SolutionConfigurationPlatforms) = preSolution
		Debug|Any CPU = Debug|Any CPU
		Release|Any CPU = Release|Any CPU
	EndGlobalSection
	GlobalSection(ProjectConfigurationPlatforms) = postSolution
		{0140F56C-6A9F-481E-BC6D-428846D76CDD}.Debug|Any CPU.ActiveCfg = Debug|Any CPU
		{0140F56C-6A9F-481E-BC6D-428846D76CDD}.Debug|Any CPU.Build.0 = Debug|Any CPU
		{0140F56C-6A9F-481E-BC6D-428846D76CDD}.Release|Any CPU.ActiveCfg = Release|Any CPU
		{0140F56C-6A9F-481E-BC6D-428846D76CDD}.Release|Any CPU.Build.0 = Release|Any CPU
	EndGlobalSection
	GlobalSection(SolutionProperties) = preSolution
		HideSolutionNode = FALSE
	EndGlobalSection
	GlobalSection(ExtensibilityGlobals) = postSolution
		SolutionGuid = {1BEFA4FC-B3CF-41F7-AE72-42BA4C9B0DF9}
	EndGlobalSection
EndGlobal
