
Microsoft Visual Studio Solution File, Format Version 12.00
# Visual Studio Version 17
VisualStudioVersion = 17.2.32630.192
MinimumVisualStudioVersion = 10.0.40219.1
Project("{FAE04EC0-301F-11D3-BF4B-00C04F79EFBC}") = "Strings", "Strings\Strings.csproj", "{DCCE85B4-6BEC-41AC-87F6-785E4AA69054}"
EndProject
Global
	GlobalSection(SolutionConfigurationPlatforms) = preSolution
		Debug|Any CPU = Debug|Any CPU
		Release|Any CPU = Release|Any CPU
	EndGlobalSection
	GlobalSection(ProjectConfigurationPlatforms) = postSolution
		{DCCE85B4-6BEC-41AC-87F6-785E4AA69054}.Debug|Any CPU.ActiveCfg = Debug|Any CPU
		{DCCE85B4-6BEC-41AC-87F6-785E4AA69054}.Debug|Any CPU.Build.0 = Debug|Any CPU
		{DCCE85B4-6BEC-41AC-87F6-785E4AA69054}.Release|Any CPU.ActiveCfg = Release|Any CPU
		{DCCE85B4-6BEC-41AC-87F6-785E4AA69054}.Release|Any CPU.Build.0 = Release|Any CPU
	EndGlobalSection
	GlobalSection(SolutionProperties) = preSolution
		HideSolutionNode = FALSE
	EndGlobalSection
	GlobalSection(ExtensibilityGlobals) = postSolution
		SolutionGuid = {E679CB20-08AD-4A00-A308-D74A6A88FDB2}
	EndGlobalSection
EndGlobal
